// !$*UTF8*$!
{
	archiveVersion = 1;
	classes = {
	};
	objectVersion = 46;
	objects = {

/* Begin PBXBuildFile section */
		DF7B4B2E1E237E5900AE4D49 /* ViewController.swift in Sources */ = {isa = PBXBuildFile; fileRef = DF7B4B181E237E5900AE4D49 /* ViewController.swift */; };
		DF7B4B2F1E237E5900AE4D49 /* Theme.swift in Sources */ = {isa = PBXBuildFile; fileRef = DF7B4B191E237E5900AE4D49 /* Theme.swift */; };
		DF7B4B301E237E5900AE4D49 /* ThemeStyle.swift in Sources */ = {isa = PBXBuildFile; fileRef = DF7B4B1A1E237E5900AE4D49 /* ThemeStyle.swift */; };
		DF7B4B311E237E5900AE4D49 /* MenuTableViewController.swift in Sources */ = {isa = PBXBuildFile; fileRef = DF7B4B1B1E237E5900AE4D49 /* MenuTableViewController.swift */; };
		DF7B4B321E237E5900AE4D49 /* ThemeRegistryTable.swift in Sources */ = {isa = PBXBuildFile; fileRef = DF7B4B1C1E237E5900AE4D49 /* ThemeRegistryTable.swift */; };
		DF7B4B331E237E5900AE4D49 /* UIView&Layer+ThemeExtension.swift in Sources */ = {isa = PBXBuildFile; fileRef = DF7B4B1D1E237E5900AE4D49 /* UIView&Layer+ThemeExtension.swift */; };
		DF7B4B341E237E5900AE4D49 /* ThemeConfig.plist in Resources */ = {isa = PBXBuildFile; fileRef = DF7B4B1E1E237E5900AE4D49 /* ThemeConfig.plist */; };
		DF7B4B351E237E5900AE4D49 /* AppDelegate.swift in Sources */ = {isa = PBXBuildFile; fileRef = DF7B4B1F1E237E5900AE4D49 /* AppDelegate.swift */; };
		DF7B4B361E237E5900AE4D49 /* MasterTableViewController.swift in Sources */ = {isa = PBXBuildFile; fileRef = DF7B4B201E237E5900AE4D49 /* MasterTableViewController.swift */; };
		DF7B4B371E237E5900AE4D49 /* MenuTableViewCell.swift in Sources */ = {isa = PBXBuildFile; fileRef = DF7B4B211E237E5900AE4D49 /* MenuTableViewCell.swift */; };
		DF7B4B381E237E5900AE4D49 /* MenuTransitionManager.swift in Sources */ = {isa = PBXBuildFile; fileRef = DF7B4B221E237E5900AE4D49 /* MenuTransitionManager.swift */; };
		DF7B4B391E237E5900AE4D49 /* ThemeRouletteView.swift in Sources */ = {isa = PBXBuildFile; fileRef = DF7B4B231E237E5900AE4D49 /* ThemeRouletteView.swift */; };
		DF7B4B3A1E237E5900AE4D49 /* NewsItem.swift in Sources */ = {isa = PBXBuildFile; fileRef = DF7B4B241E237E5900AE4D49 /* NewsItem.swift */; };
		DF7B4B3B1E237E5900AE4D49 /* MasterTableViewCell.swift in Sources */ = {isa = PBXBuildFile; fileRef = DF7B4B251E237E5900AE4D49 /* MasterTableViewCell.swift */; };
		DF7B4B3C1E237E5900AE4D49 /* ThemeUtil.swift in Sources */ = {isa = PBXBuildFile; fileRef = DF7B4B261E237E5900AE4D49 /* ThemeUtil.swift */; };
		DF7B4B3D1E237E5900AE4D49 /* Assets.xcassets in Resources */ = {isa = PBXBuildFile; fileRef = DF7B4B271E237E5900AE4D49 /* Assets.xcassets */; };
		DF7B4B451E237E7C00AE4D49 /* Main.storyboard in Resources */ = {isa = PBXBuildFile; fileRef = DF7B4B411E237E7C00AE4D49 /* Main.storyboard */; };
		DF7B4B461E237E7C00AE4D49 /* LaunchScreen.storyboard in Resources */ = {isa = PBXBuildFile; fileRef = DF7B4B431E237E7C00AE4D49 /* LaunchScreen.storyboard */; };
		DF7B4B481E237E9900AE4D49 /* Info.plist in Resources */ = {isa = PBXBuildFile; fileRef = DF7B4B471E237E9900AE4D49 /* Info.plist */; };
		DF7B4B4D1E2389E100AE4D49 /* CustomStyle.swift in Sources */ = {isa = PBXBuildFile; fileRef = DF7B4B4C1E2389E100AE4D49 /* CustomStyle.swift */; };
		DFCACD381E09529300D81FC6 /* ThemeTests.swift in Sources */ = {isa = PBXBuildFile; fileRef = DFCACD371E09529300D81FC6 /* ThemeTests.swift */; };
		DFCACD431E09529300D81FC6 /* ThemeUITests.swift in Sources */ = {isa = PBXBuildFile; fileRef = DFCACD421E09529300D81FC6 /* ThemeUITests.swift */; };
/* End PBXBuildFile section */

/* Begin PBXContainerItemProxy section */
		DFCACD341E09529300D81FC6 /* PBXContainerItemProxy */ = {
			isa = PBXContainerItemProxy;
			containerPortal = DFCACD171E09529300D81FC6 /* Project object */;
			proxyType = 1;
			remoteGlobalIDString = DFCACD1E1E09529300D81FC6;
			remoteInfo = Theme;
		};
		DFCACD3F1E09529300D81FC6 /* PBXContainerItemProxy */ = {
			isa = PBXContainerItemProxy;
			containerPortal = DFCACD171E09529300D81FC6 /* Project object */;
			proxyType = 1;
			remoteGlobalIDString = DFCACD1E1E09529300D81FC6;
			remoteInfo = Theme;
		};
/* End PBXContainerItemProxy section */

/* Begin PBXFileReference section */
		DF7B4B181E237E5900AE4D49 /* ViewController.swift */ = {isa = PBXFileReference; fileEncoding = 4; lastKnownFileType = sourcecode.swift; name = ViewController.swift; path = ThemeExample/ViewController.swift; sourceTree = SOURCE_ROOT; };
		DF7B4B191E237E5900AE4D49 /* Theme.swift */ = {isa = PBXFileReference; fileEncoding = 4; lastKnownFileType = sourcecode.swift; name = Theme.swift; path = ThemeExample/Theme.swift; sourceTree = SOURCE_ROOT; };
		DF7B4B1A1E237E5900AE4D49 /* ThemeStyle.swift */ = {isa = PBXFileReference; fileEncoding = 4; lastKnownFileType = sourcecode.swift; name = ThemeStyle.swift; path = ThemeExample/ThemeStyle.swift; sourceTree = SOURCE_ROOT; };
		DF7B4B1B1E237E5900AE4D49 /* MenuTableViewController.swift */ = {isa = PBXFileReference; fileEncoding = 4; lastKnownFileType = sourcecode.swift; name = MenuTableViewController.swift; path = ThemeExample/MenuTableViewController.swift; sourceTree = SOURCE_ROOT; };
		DF7B4B1C1E237E5900AE4D49 /* ThemeRegistryTable.swift */ = {isa = PBXFileReference; fileEncoding = 4; lastKnownFileType = sourcecode.swift; name = ThemeRegistryTable.swift; path = ThemeExample/ThemeRegistryTable.swift; sourceTree = SOURCE_ROOT; };
		DF7B4B1D1E237E5900AE4D49 /* UIView&Layer+ThemeExtension.swift */ = {isa = PBXFileReference; fileEncoding = 4; lastKnownFileType = sourcecode.swift; name = "UIView&Layer+ThemeExtension.swift"; path = "ThemeExample/UIView&Layer+ThemeExtension.swift"; sourceTree = SOURCE_ROOT; };
		DF7B4B1E1E237E5900AE4D49 /* ThemeConfig.plist */ = {isa = PBXFileReference; fileEncoding = 4; lastKnownFileType = text.plist.xml; name = ThemeConfig.plist; path = ThemeExample/ThemeConfig.plist; sourceTree = SOURCE_ROOT; };
		DF7B4B1F1E237E5900AE4D49 /* AppDelegate.swift */ = {isa = PBXFileReference; fileEncoding = 4; lastKnownFileType = sourcecode.swift; name = AppDelegate.swift; path = ThemeExample/AppDelegate.swift; sourceTree = SOURCE_ROOT; };
		DF7B4B201E237E5900AE4D49 /* MasterTableViewController.swift */ = {isa = PBXFileReference; fileEncoding = 4; lastKnownFileType = sourcecode.swift; name = MasterTableViewController.swift; path = ThemeExample/MasterTableViewController.swift; sourceTree = SOURCE_ROOT; };
		DF7B4B211E237E5900AE4D49 /* MenuTableViewCell.swift */ = {isa = PBXFileReference; fileEncoding = 4; lastKnownFileType = sourcecode.swift; name = MenuTableViewCell.swift; path = ThemeExample/MenuTableViewCell.swift; sourceTree = SOURCE_ROOT; };
		DF7B4B221E237E5900AE4D49 /* MenuTransitionManager.swift */ = {isa = PBXFileReference; fileEncoding = 4; lastKnownFileType = sourcecode.swift; name = MenuTransitionManager.swift; path = ThemeExample/MenuTransitionManager.swift; sourceTree = SOURCE_ROOT; };
		DF7B4B231E237E5900AE4D49 /* ThemeRouletteView.swift */ = {isa = PBXFileReference; fileEncoding = 4; lastKnownFileType = sourcecode.swift; name = ThemeRouletteView.swift; path = ThemeExample/ThemeRouletteView.swift; sourceTree = SOURCE_ROOT; };
		DF7B4B241E237E5900AE4D49 /* NewsItem.swift */ = {isa = PBXFileReference; fileEncoding = 4; lastKnownFileType = sourcecode.swift; name = NewsItem.swift; path = ThemeExample/NewsItem.swift; sourceTree = SOURCE_ROOT; };
		DF7B4B251E237E5900AE4D49 /* MasterTableViewCell.swift */ = {isa = PBXFileReference; fileEncoding = 4; lastKnownFileType = sourcecode.swift; name = MasterTableViewCell.swift; path = ThemeExample/MasterTableViewCell.swift; sourceTree = SOURCE_ROOT; };
		DF7B4B261E237E5900AE4D49 /* ThemeUtil.swift */ = {isa = PBXFileReference; fileEncoding = 4; lastKnownFileType = sourcecode.swift; name = ThemeUtil.swift; path = ThemeExample/ThemeUtil.swift; sourceTree = SOURCE_ROOT; };
		DF7B4B271E237E5900AE4D49 /* Assets.xcassets */ = {isa = PBXFileReference; lastKnownFileType = folder.assetcatalog; name = Assets.xcassets; path = ThemeExample/Assets.xcassets; sourceTree = SOURCE_ROOT; };
		DF7B4B421E237E7C00AE4D49 /* Base */ = {isa = PBXFileReference; lastKnownFileType = file.storyboard; name = Base; path = ThemeExample/Base.lproj/Main.storyboard; sourceTree = SOURCE_ROOT; };
		DF7B4B441E237E7C00AE4D49 /* Base */ = {isa = PBXFileReference; lastKnownFileType = file.storyboard; name = Base; path = ThemeExample/Base.lproj/LaunchScreen.storyboard; sourceTree = SOURCE_ROOT; };
		DF7B4B471E237E9900AE4D49 /* Info.plist */ = {isa = PBXFileReference; fileEncoding = 4; lastKnownFileType = text.plist.xml; name = Info.plist; path = ThemeExample/Info.plist; sourceTree = SOURCE_ROOT; };
		DF7B4B4C1E2389E100AE4D49 /* CustomStyle.swift */ = {isa = PBXFileReference; fileEncoding = 4; lastKnownFileType = sourcecode.swift; name = CustomStyle.swift; path = ThemeExample/CustomStyle.swift; sourceTree = SOURCE_ROOT; };
		DFCACD1F1E09529300D81FC6 /* ThemeExample.app */ = {isa = PBXFileReference; explicitFileType = wrapper.application; includeInIndex = 0; path = ThemeExample.app; sourceTree = BUILT_PRODUCTS_DIR; };
		DFCACD331E09529300D81FC6 /* ThemeExampleTests.xctest */ = {isa = PBXFileReference; explicitFileType = wrapper.cfbundle; includeInIndex = 0; path = ThemeExampleTests.xctest; sourceTree = BUILT_PRODUCTS_DIR; };
		DFCACD371E09529300D81FC6 /* ThemeTests.swift */ = {isa = PBXFileReference; lastKnownFileType = sourcecode.swift; path = ThemeTests.swift; sourceTree = "<group>"; };
		DFCACD391E09529300D81FC6 /* Info.plist */ = {isa = PBXFileReference; lastKnownFileType = text.plist.xml; path = Info.plist; sourceTree = "<group>"; };
		DFCACD3E1E09529300D81FC6 /* ThemeExampleUITests.xctest */ = {isa = PBXFileReference; explicitFileType = wrapper.cfbundle; includeInIndex = 0; path = ThemeExampleUITests.xctest; sourceTree = BUILT_PRODUCTS_DIR; };
		DFCACD421E09529300D81FC6 /* ThemeUITests.swift */ = {isa = PBXFileReference; lastKnownFileType = sourcecode.swift; path = ThemeUITests.swift; sourceTree = "<group>"; };
		DFCACD441E09529300D81FC6 /* Info.plist */ = {isa = PBXFileReference; lastKnownFileType = text.plist.xml; path = Info.plist; sourceTree = "<group>"; };
/* End PBXFileReference section */

/* Begin PBXFrameworksBuildPhase section */
		DFCACD1C1E09529300D81FC6 /* Frameworks */ = {
			isa = PBXFrameworksBuildPhase;
			buildActionMask = 2147483647;
			files = (
			);
			runOnlyForDeploymentPostprocessing = 0;
		};
		DFCACD301E09529300D81FC6 /* Frameworks */ = {
			isa = PBXFrameworksBuildPhase;
			buildActionMask = 2147483647;
			files = (
			);
			runOnlyForDeploymentPostprocessing = 0;
		};
		DFCACD3B1E09529300D81FC6 /* Frameworks */ = {
			isa = PBXFrameworksBuildPhase;
			buildActionMask = 2147483647;
			files = (
			);
			runOnlyForDeploymentPostprocessing = 0;
		};
/* End PBXFrameworksBuildPhase section */

/* Begin PBXGroup section */
		DF7B4B491E2388DA00AE4D49 /* Theme */ = {
			isa = PBXGroup;
			children = (
				DF7B4B191E237E5900AE4D49 /* Theme.swift */,
				DF7B4B1A1E237E5900AE4D49 /* ThemeStyle.swift */,
				DF7B4B1C1E237E5900AE4D49 /* ThemeRegistryTable.swift */,
				DF7B4B1D1E237E5900AE4D49 /* UIView&Layer+ThemeExtension.swift */,
				DF7B4B231E237E5900AE4D49 /* ThemeRouletteView.swift */,
				DF7B4B261E237E5900AE4D49 /* ThemeUtil.swift */,
				DF7B4B1E1E237E5900AE4D49 /* ThemeConfig.plist */,
			);
			name = Theme;
			sourceTree = "<group>";
		};
		DFCACD161E09529300D81FC6 = {
			isa = PBXGroup;
			children = (
				DFCACD211E09529300D81FC6 /* ThemeExample */,
				DFCACD361E09529300D81FC6 /* ThemeTests */,
				DFCACD411E09529300D81FC6 /* ThemeUITests */,
				DFCACD201E09529300D81FC6 /* Products */,
			);
			sourceTree = "<group>";
		};
		DFCACD201E09529300D81FC6 /* Products */ = {
			isa = PBXGroup;
			children = (
				DFCACD1F1E09529300D81FC6 /* ThemeExample.app */,
				DFCACD331E09529300D81FC6 /* ThemeExampleTests.xctest */,
				DFCACD3E1E09529300D81FC6 /* ThemeExampleUITests.xctest */,
			);
			name = Products;
			sourceTree = "<group>";
		};
		DFCACD211E09529300D81FC6 /* ThemeExample */ = {
			isa = PBXGroup;
			children = (
				DF7B4B491E2388DA00AE4D49 /* Theme */,
				DF7B4B471E237E9900AE4D49 /* Info.plist */,
				DF7B4B411E237E7C00AE4D49 /* Main.storyboard */,
				DF7B4B431E237E7C00AE4D49 /* LaunchScreen.storyboard */,
				DF7B4B181E237E5900AE4D49 /* ViewController.swift */,
				DF7B4B1B1E237E5900AE4D49 /* MenuTableViewController.swift */,
				DF7B4B1F1E237E5900AE4D49 /* AppDelegate.swift */,
				DF7B4B201E237E5900AE4D49 /* MasterTableViewController.swift */,
				DF7B4B211E237E5900AE4D49 /* MenuTableViewCell.swift */,
				DF7B4B221E237E5900AE4D49 /* MenuTransitionManager.swift */,
				DF7B4B241E237E5900AE4D49 /* NewsItem.swift */,
				DF7B4B251E237E5900AE4D49 /* MasterTableViewCell.swift */,
				DF7B4B271E237E5900AE4D49 /* Assets.xcassets */,
				DF7B4B4C1E2389E100AE4D49 /* CustomStyle.swift */,
			);
			name = ThemeExample;
			path = Theme;
			sourceTree = "<group>";
		};
		DFCACD361E09529300D81FC6 /* ThemeTests */ = {
			isa = PBXGroup;
			children = (
				DFCACD371E09529300D81FC6 /* ThemeTests.swift */,
				DFCACD391E09529300D81FC6 /* Info.plist */,
			);
			path = ThemeTests;
			sourceTree = "<group>";
		};
		DFCACD411E09529300D81FC6 /* ThemeUITests */ = {
			isa = PBXGroup;
			children = (
				DFCACD421E09529300D81FC6 /* ThemeUITests.swift */,
				DFCACD441E09529300D81FC6 /* Info.plist */,
			);
			path = ThemeUITests;
			sourceTree = "<group>";
		};
/* End PBXGroup section */

/* Begin PBXNativeTarget section */
		DFCACD1E1E09529300D81FC6 /* ThemeExample */ = {
			isa = PBXNativeTarget;
			buildConfigurationList = DFCACD471E09529300D81FC6 /* Build configuration list for PBXNativeTarget "ThemeExample" */;
			buildPhases = (
				DFCACD1B1E09529300D81FC6 /* Sources */,
				DFCACD1C1E09529300D81FC6 /* Frameworks */,
				DFCACD1D1E09529300D81FC6 /* Resources */,
			);
			buildRules = (
			);
			dependencies = (
			);
			name = ThemeExample;
			productName = Theme;
			productReference = DFCACD1F1E09529300D81FC6 /* ThemeExample.app */;
			productType = "com.apple.product-type.application";
		};
		DFCACD321E09529300D81FC6 /* ThemeExampleTests */ = {
			isa = PBXNativeTarget;
			buildConfigurationList = DFCACD4A1E09529300D81FC6 /* Build configuration list for PBXNativeTarget "ThemeExampleTests" */;
			buildPhases = (
				DFCACD2F1E09529300D81FC6 /* Sources */,
				DFCACD301E09529300D81FC6 /* Frameworks */,
				DFCACD311E09529300D81FC6 /* Resources */,
			);
			buildRules = (
			);
			dependencies = (
				DFCACD351E09529300D81FC6 /* PBXTargetDependency */,
			);
			name = ThemeExampleTests;
			productName = ThemeTests;
			productReference = DFCACD331E09529300D81FC6 /* ThemeExampleTests.xctest */;
			productType = "com.apple.product-type.bundle.unit-test";
		};
		DFCACD3D1E09529300D81FC6 /* ThemeExampleUITests */ = {
			isa = PBXNativeTarget;
			buildConfigurationList = DFCACD4D1E09529300D81FC6 /* Build configuration list for PBXNativeTarget "ThemeExampleUITests" */;
			buildPhases = (
				DFCACD3A1E09529300D81FC6 /* Sources */,
				DFCACD3B1E09529300D81FC6 /* Frameworks */,
				DFCACD3C1E09529300D81FC6 /* Resources */,
			);
			buildRules = (
			);
			dependencies = (
				DFCACD401E09529300D81FC6 /* PBXTargetDependency */,
			);
			name = ThemeExampleUITests;
			productName = ThemeUITests;
			productReference = DFCACD3E1E09529300D81FC6 /* ThemeExampleUITests.xctest */;
			productType = "com.apple.product-type.bundle.ui-testing";
		};
/* End PBXNativeTarget section */

/* Begin PBXProject section */
		DFCACD171E09529300D81FC6 /* Project object */ = {
			isa = PBXProject;
			attributes = {
				LastSwiftUpdateCheck = 0810;
				LastUpgradeCheck = 0810;
				ORGANIZATIONNAME = com.Boolan;
				TargetAttributes = {
					DFCACD1E1E09529300D81FC6 = {
						CreatedOnToolsVersion = 8.1;
						DevelopmentTeam = 5F86ZD4GLF;
						LastSwiftMigration = 0810;
						ProvisioningStyle = Automatic;
					};
					DFCACD321E09529300D81FC6 = {
						CreatedOnToolsVersion = 8.1;
						DevelopmentTeam = 5F86ZD4GLF;
						ProvisioningStyle = Automatic;
						TestTargetID = DFCACD1E1E09529300D81FC6;
					};
					DFCACD3D1E09529300D81FC6 = {
						CreatedOnToolsVersion = 8.1;
						DevelopmentTeam = 5F86ZD4GLF;
						ProvisioningStyle = Automatic;
						TestTargetID = DFCACD1E1E09529300D81FC6;
					};
				};
			};
			buildConfigurationList = DFCACD1A1E09529300D81FC6 /* Build configuration list for PBXProject "ThemeExample" */;
			compatibilityVersion = "Xcode 3.2";
			developmentRegion = English;
			hasScannedForEncodings = 0;
			knownRegions = (
				en,
				Base,
			);
			mainGroup = DFCACD161E09529300D81FC6;
			productRefGroup = DFCACD201E09529300D81FC6 /* Products */;
			projectDirPath = "";
			projectRoot = "";
			targets = (
				DFCACD1E1E09529300D81FC6 /* ThemeExample */,
				DFCACD321E09529300D81FC6 /* ThemeExampleTests */,
				DFCACD3D1E09529300D81FC6 /* ThemeExampleUITests */,
			);
		};
/* End PBXProject section */

/* Begin PBXResourcesBuildPhase section */
		DFCACD1D1E09529300D81FC6 /* Resources */ = {
			isa = PBXResourcesBuildPhase;
			buildActionMask = 2147483647;
			files = (
				DF7B4B341E237E5900AE4D49 /* ThemeConfig.plist in Resources */,
				DF7B4B3D1E237E5900AE4D49 /* Assets.xcassets in Resources */,
				DF7B4B451E237E7C00AE4D49 /* Main.storyboard in Resources */,
				DF7B4B481E237E9900AE4D49 /* Info.plist in Resources */,
				DF7B4B461E237E7C00AE4D49 /* LaunchScreen.storyboard in Resources */,
			);
			runOnlyForDeploymentPostprocessing = 0;
		};
		DFCACD311E09529300D81FC6 /* Resources */ = {
			isa = PBXResourcesBuildPhase;
			buildActionMask = 2147483647;
			files = (
			);
			runOnlyForDeploymentPostprocessing = 0;
		};
		DFCACD3C1E09529300D81FC6 /* Resources */ = {
			isa = PBXResourcesBuildPhase;
			buildActionMask = 2147483647;
			files = (
			);
			runOnlyForDeploymentPostprocessing = 0;
		};
/* End PBXResourcesBuildPhase section */

/* Begin PBXSourcesBuildPhase section */
		DFCACD1B1E09529300D81FC6 /* Sources */ = {
			isa = PBXSourcesBuildPhase;
			buildActionMask = 2147483647;
			files = (
				DF7B4B311E237E5900AE4D49 /* MenuTableViewController.swift in Sources */,
				DF7B4B3A1E237E5900AE4D49 /* NewsItem.swift in Sources */,
				DF7B4B2E1E237E5900AE4D49 /* ViewController.swift in Sources */,
				DF7B4B3B1E237E5900AE4D49 /* MasterTableViewCell.swift in Sources */,
				DF7B4B301E237E5900AE4D49 /* ThemeStyle.swift in Sources */,
				DF7B4B331E237E5900AE4D49 /* UIView&Layer+ThemeExtension.swift in Sources */,
				DF7B4B351E237E5900AE4D49 /* AppDelegate.swift in Sources */,
				DF7B4B391E237E5900AE4D49 /* ThemeRouletteView.swift in Sources */,
				DF7B4B371E237E5900AE4D49 /* MenuTableViewCell.swift in Sources */,
				DF7B4B361E237E5900AE4D49 /* MasterTableViewController.swift in Sources */,
				DF7B4B381E237E5900AE4D49 /* MenuTransitionManager.swift in Sources */,
				DF7B4B3C1E237E5900AE4D49 /* ThemeUtil.swift in Sources */,
				DF7B4B2F1E237E5900AE4D49 /* Theme.swift in Sources */,
				DF7B4B4D1E2389E100AE4D49 /* CustomStyle.swift in Sources */,
				DF7B4B321E237E5900AE4D49 /* ThemeRegistryTable.swift in Sources */,
			);
			runOnlyForDeploymentPostprocessing = 0;
		};
		DFCACD2F1E09529300D81FC6 /* Sources */ = {
			isa = PBXSourcesBuildPhase;
			buildActionMask = 2147483647;
			files = (
				DFCACD381E09529300D81FC6 /* ThemeTests.swift in Sources */,
			);
			runOnlyForDeploymentPostprocessing = 0;
		};
		DFCACD3A1E09529300D81FC6 /* Sources */ = {
			isa = PBXSourcesBuildPhase;
			buildActionMask = 2147483647;
			files = (
				DFCACD431E09529300D81FC6 /* ThemeUITests.swift in Sources */,
			);
			runOnlyForDeploymentPostprocessing = 0;
		};
/* End PBXSourcesBuildPhase section */

/* Begin PBXTargetDependency section */
		DFCACD351E09529300D81FC6 /* PBXTargetDependency */ = {
			isa = PBXTargetDependency;
			target = DFCACD1E1E09529300D81FC6 /* ThemeExample */;
			targetProxy = DFCACD341E09529300D81FC6 /* PBXContainerItemProxy */;
		};
		DFCACD401E09529300D81FC6 /* PBXTargetDependency */ = {
			isa = PBXTargetDependency;
			target = DFCACD1E1E09529300D81FC6 /* ThemeExample */;
			targetProxy = DFCACD3F1E09529300D81FC6 /* PBXContainerItemProxy */;
		};
/* End PBXTargetDependency section */

/* Begin PBXVariantGroup section */
		DF7B4B411E237E7C00AE4D49 /* Main.storyboard */ = {
			isa = PBXVariantGroup;
			children = (
				DF7B4B421E237E7C00AE4D49 /* Base */,
			);
			name = Main.storyboard;
			sourceTree = "<group>";
		};
		DF7B4B431E237E7C00AE4D49 /* LaunchScreen.storyboard */ = {
			isa = PBXVariantGroup;
			children = (
				DF7B4B441E237E7C00AE4D49 /* Base */,
			);
			name = LaunchScreen.storyboard;
			sourceTree = "<group>";
		};
/* End PBXVariantGroup section */

/* Begin XCBuildConfiguration section */
		DFCACD451E09529300D81FC6 /* Debug */ = {
			isa = XCBuildConfiguration;
			buildSettings = {
				ALWAYS_SEARCH_USER_PATHS = NO;
				CLANG_ANALYZER_NONNULL = YES;
				CLANG_CXX_LANGUAGE_STANDARD = "gnu++0x";
				CLANG_CXX_LIBRARY = "libc++";
				CLANG_ENABLE_MODULES = YES;
				CLANG_ENABLE_OBJC_ARC = YES;
				CLANG_WARN_BOOL_CONVERSION = YES;
				CLANG_WARN_CONSTANT_CONVERSION = YES;
				CLANG_WARN_DIRECT_OBJC_ISA_USAGE = YES_ERROR;
				CLANG_WARN_DOCUMENTATION_COMMENTS = YES;
				CLANG_WARN_EMPTY_BODY = YES;
				CLANG_WARN_ENUM_CONVERSION = YES;
				CLANG_WARN_INFINITE_RECURSION = YES;
				CLANG_WARN_INT_CONVERSION = YES;
				CLANG_WARN_OBJC_ROOT_CLASS = YES_ERROR;
				CLANG_WARN_SUSPICIOUS_MOVES = YES;
				CLANG_WARN_UNREACHABLE_CODE = YES;
				CLANG_WARN__DUPLICATE_METHOD_MATCH = YES;
				"CODE_SIGN_IDENTITY[sdk=iphoneos*]" = "iPhone Developer";
				COPY_PHASE_STRIP = NO;
				DEBUG_INFORMATION_FORMAT = dwarf;
				ENABLE_STRICT_OBJC_MSGSEND = YES;
				ENABLE_TESTABILITY = YES;
				GCC_C_LANGUAGE_STANDARD = gnu99;
				GCC_DYNAMIC_NO_PIC = NO;
				GCC_NO_COMMON_BLOCKS = YES;
				GCC_OPTIMIZATION_LEVEL = 0;
				GCC_PREPROCESSOR_DEFINITIONS = (
					"DEBUG=1",
					"$(inherited)",
				);
				GCC_WARN_64_TO_32_BIT_CONVERSION = YES;
				GCC_WARN_ABOUT_RETURN_TYPE = YES_ERROR;
				GCC_WARN_UNDECLARED_SELECTOR = YES;
				GCC_WARN_UNINITIALIZED_AUTOS = YES_AGGRESSIVE;
				GCC_WARN_UNUSED_FUNCTION = YES;
				GCC_WARN_UNUSED_VARIABLE = YES;
				IPHONEOS_DEPLOYMENT_TARGET = 10.1;
				MTL_ENABLE_DEBUG_INFO = YES;
				ONLY_ACTIVE_ARCH = YES;
				SDKROOT = iphoneos;
				SWIFT_ACTIVE_COMPILATION_CONDITIONS = DEBUG;
				SWIFT_OPTIMIZATION_LEVEL = "-Onone";
			};
			name = Debug;
		};
		DFCACD461E09529300D81FC6 /* Release */ = {
			isa = XCBuildConfiguration;
			buildSettings = {
				ALWAYS_SEARCH_USER_PATHS = NO;
				CLANG_ANALYZER_NONNULL = YES;
				CLANG_CXX_LANGUAGE_STANDARD = "gnu++0x";
				CLANG_CXX_LIBRARY = "libc++";
				CLANG_ENABLE_MODULES = YES;
				CLANG_ENABLE_OBJC_ARC = YES;
				CLANG_WARN_BOOL_CONVERSION = YES;
				CLANG_WARN_CONSTANT_CONVERSION = YES;
				CLANG_WARN_DIRECT_OBJC_ISA_USAGE = YES_ERROR;
				CLANG_WARN_DOCUMENTATION_COMMENTS = YES;
				CLANG_WARN_EMPTY_BODY = YES;
				CLANG_WARN_ENUM_CONVERSION = YES;
				CLANG_WARN_INFINITE_RECURSION = YES;
				CLANG_WARN_INT_CONVERSION = YES;
				CLANG_WARN_OBJC_ROOT_CLASS = YES_ERROR;
				CLANG_WARN_SUSPICIOUS_MOVES = YES;
				CLANG_WARN_UNREACHABLE_CODE = YES;
				CLANG_WARN__DUPLICATE_METHOD_MATCH = YES;
				"CODE_SIGN_IDENTITY[sdk=iphoneos*]" = "iPhone Developer";
				COPY_PHASE_STRIP = NO;
				DEBUG_INFORMATION_FORMAT = "dwarf-with-dsym";
				ENABLE_NS_ASSERTIONS = NO;
				ENABLE_STRICT_OBJC_MSGSEND = YES;
				GCC_C_LANGUAGE_STANDARD = gnu99;
				GCC_NO_COMMON_BLOCKS = YES;
				GCC_WARN_64_TO_32_BIT_CONVERSION = YES;
				GCC_WARN_ABOUT_RETURN_TYPE = YES_ERROR;
				GCC_WARN_UNDECLARED_SELECTOR = YES;
				GCC_WARN_UNINITIALIZED_AUTOS = YES_AGGRESSIVE;
				GCC_WARN_UNUSED_FUNCTION = YES;
				GCC_WARN_UNUSED_VARIABLE = YES;
				IPHONEOS_DEPLOYMENT_TARGET = 10.1;
				MTL_ENABLE_DEBUG_INFO = NO;
				SDKROOT = iphoneos;
				SWIFT_OPTIMIZATION_LEVEL = "-Owholemodule";
				VALIDATE_PRODUCT = YES;
			};
			name = Release;
		};
		DFCACD481E09529300D81FC6 /* Debug */ = {
			isa = XCBuildConfiguration;
			buildSettings = {
				ASSETCATALOG_COMPILER_APPICON_NAME = AppIcon;
				CLANG_ENABLE_MODULES = YES;
				DEVELOPMENT_TEAM = 5F86ZD4GLF;
				INFOPLIST_FILE = ThemeExample/Info.plist;
				LD_RUNPATH_SEARCH_PATHS = "$(inherited) @executable_path/Frameworks";
				PRODUCT_BUNDLE_IDENTIFIER = com.Boolan.Theme;
				PRODUCT_NAME = "$(TARGET_NAME)";
				SWIFT_OPTIMIZATION_LEVEL = "-Onone";
				SWIFT_VERSION = 3.0;
			};
			name = Debug;
		};
		DFCACD491E09529300D81FC6 /* Release */ = {
			isa = XCBuildConfiguration;
			buildSettings = {
				ASSETCATALOG_COMPILER_APPICON_NAME = AppIcon;
				CLANG_ENABLE_MODULES = YES;
				DEVELOPMENT_TEAM = 5F86ZD4GLF;
				INFOPLIST_FILE = ThemeExample/Info.plist;
				LD_RUNPATH_SEARCH_PATHS = "$(inherited) @executable_path/Frameworks";
				PRODUCT_BUNDLE_IDENTIFIER = com.Boolan.Theme;
				PRODUCT_NAME = "$(TARGET_NAME)";
				SWIFT_VERSION = 3.0;
			};
			name = Release;
		};
		DFCACD4B1E09529300D81FC6 /* Debug */ = {
			isa = XCBuildConfiguration;
			buildSettings = {
				ALWAYS_EMBED_SWIFT_STANDARD_LIBRARIES = YES;
				BUNDLE_LOADER = "$(TEST_HOST)";
				DEVELOPMENT_TEAM = 5F86ZD4GLF;
				INFOPLIST_FILE = ThemeTests/Info.plist;
				LD_RUNPATH_SEARCH_PATHS = "$(inherited) @executable_path/Frameworks @loader_path/Frameworks";
				PRODUCT_BUNDLE_IDENTIFIER = com.Boolan.ThemeTests;
				PRODUCT_NAME = "$(TARGET_NAME)";
				SWIFT_VERSION = 3.0;
				TEST_HOST = "$(BUILT_PRODUCTS_DIR)/ThemeExample.app/ThemeExample";
			};
			name = Debug;
		};
		DFCACD4C1E09529300D81FC6 /* Release */ = {
			isa = XCBuildConfiguration;
			buildSettings = {
				ALWAYS_EMBED_SWIFT_STANDARD_LIBRARIES = YES;
				BUNDLE_LOADER = "$(TEST_HOST)";
				DEVELOPMENT_TEAM = 5F86ZD4GLF;
				INFOPLIST_FILE = ThemeTests/Info.plist;
				LD_RUNPATH_SEARCH_PATHS = "$(inherited) @executable_path/Frameworks @loader_path/Frameworks";
				PRODUCT_BUNDLE_IDENTIFIER = com.Boolan.ThemeTests;
				PRODUCT_NAME = "$(TARGET_NAME)";
				SWIFT_VERSION = 3.0;
				TEST_HOST = "$(BUILT_PRODUCTS_DIR)/ThemeExample.app/ThemeExample";
			};
			name = Release;
		};
		DFCACD4E1E09529300D81FC6 /* Debug */ = {
			isa = XCBuildConfiguration;
			buildSettings = {
				ALWAYS_EMBED_SWIFT_STANDARD_LIBRARIES = YES;
				DEVELOPMENT_TEAM = 5F86ZD4GLF;
				INFOPLIST_FILE = ThemeUITests/Info.plist;
				LD_RUNPATH_SEARCH_PATHS = "$(inherited) @executable_path/Frameworks @loader_path/Frameworks";
				PRODUCT_BUNDLE_IDENTIFIER = com.Boolan.ThemeUITests;
				PRODUCT_NAME = "$(TARGET_NAME)";
				SWIFT_VERSION = 3.0;
				TEST_TARGET_NAME = Theme;
			};
			name = Debug;
		};
		DFCACD4F1E09529300D81FC6 /* Release */ = {
			isa = XCBuildConfiguration;
			buildSettings = {
				ALWAYS_EMBED_SWIFT_STANDARD_LIBRARIES = YES;
				DEVELOPMENT_TEAM = 5F86ZD4GLF;
				INFOPLIST_FILE = ThemeUITests/Info.plist;
				LD_RUNPATH_SEARCH_PATHS = "$(inherited) @executable_path/Frameworks @loader_path/Frameworks";
				PRODUCT_BUNDLE_IDENTIFIER = com.Boolan.ThemeUITests;
				PRODUCT_NAME = "$(TARGET_NAME)";
				SWIFT_VERSION = 3.0;
				TEST_TARGET_NAME = Theme;
			};
			name = Release;
		};
/* End XCBuildConfiguration section */

/* Begin XCConfigurationList section */
		DFCACD1A1E09529300D81FC6 /* Build configuration list for PBXProject "ThemeExample" */ = {
			isa = XCConfigurationList;
			buildConfigurations = (
				DFCACD451E09529300D81FC6 /* Debug */,
				DFCACD461E09529300D81FC6 /* Release */,
			);
			defaultConfigurationIsVisible = 0;
			defaultConfigurationName = Release;
		};
		DFCACD471E09529300D81FC6 /* Build configuration list for PBXNativeTarget "ThemeExample" */ = {
			isa = XCConfigurationList;
			buildConfigurations = (
				DFCACD481E09529300D81FC6 /* Debug */,
				DFCACD491E09529300D81FC6 /* Release */,
			);
			defaultConfigurationIsVisible = 0;
			defaultConfigurationName = Release;
		};
		DFCACD4A1E09529300D81FC6 /* Build configuration list for PBXNativeTarget "ThemeExampleTests" */ = {
			isa = XCConfigurationList;
			buildConfigurations = (
				DFCACD4B1E09529300D81FC6 /* Debug */,
				DFCACD4C1E09529300D81FC6 /* Release */,
			);
			defaultConfigurationIsVisible = 0;
			defaultConfigurationName = Release;
		};
		DFCACD4D1E09529300D81FC6 /* Build configuration list for PBXNativeTarget "ThemeExampleUITests" */ = {
			isa = XCConfigurationList;
			buildConfigurations = (
				DFCACD4E1E09529300D81FC6 /* Debug */,
				DFCACD4F1E09529300D81FC6 /* Release */,
			);
			defaultConfigurationIsVisible = 0;
			defaultConfigurationName = Release;
		};
/* End XCConfigurationList section */
	};
	rootObject = DFCACD171E09529300D81FC6 /* Project object */;
}
